// !$*UTF8*$!
{
	archiveVersion = 1;
	classes = {
	};
	objectVersion = 46;
	objects = {

/* Begin PBXBuildFile section */
		83922DA31DC22AA7001026BA /* AppDelegate.swift in Sources */ = {isa = PBXBuildFile; fileRef = 83922DA21DC22AA7001026BA /* AppDelegate.swift */; };
		83922DAB1DC22AA7001026BA /* PeliculasCJ.xcdatamodeld in Sources */ = {isa = PBXBuildFile; fileRef = 83922DA91DC22AA7001026BA /* PeliculasCJ.xcdatamodeld */; };
		83922DAD1DC22AA7001026BA /* Assets.xcassets in Resources */ = {isa = PBXBuildFile; fileRef = 83922DAC1DC22AA7001026BA /* Assets.xcassets */; };
		83922DB01DC22AA7001026BA /* LaunchScreen.storyboard in Resources */ = {isa = PBXBuildFile; fileRef = 83922DAE1DC22AA7001026BA /* LaunchScreen.storyboard */; };
		83C249C91DE739E800AE1BA4 /* HorarioTableViewCell.swift in Sources */ = {isa = PBXBuildFile; fileRef = 83C249C81DE739E800AE1BA4 /* HorarioTableViewCell.swift */; };
		83C249EE1DE74EBA00AE1BA4 /* HorariosViewController.swift in Sources */ = {isa = PBXBuildFile; fileRef = 83C249ED1DE74EBA00AE1BA4 /* HorariosViewController.swift */; };
		83C249F01DE7519100AE1BA4 /* HorarioBC.swift in Sources */ = {isa = PBXBuildFile; fileRef = 83C249EF1DE7519100AE1BA4 /* HorarioBC.swift */; };
		83CD615C1DD4CA9300AC0ACF /* PeliculasCollectionViewCell.swift in Sources */ = {isa = PBXBuildFile; fileRef = 83CD615B1DD4CA9300AC0ACF /* PeliculasCollectionViewCell.swift */; };
		83CD615E1DD4CBA100AC0ACF /* PeliculasCollectionViewController.swift in Sources */ = {isa = PBXBuildFile; fileRef = 83CD615D1DD4CBA100AC0ACF /* PeliculasCollectionViewController.swift */; };
		83CD61601DD4DFC900AC0ACF /* DetallePeliculaViewController.swift in Sources */ = {isa = PBXBuildFile; fileRef = 83CD615F1DD4DFC900AC0ACF /* DetallePeliculaViewController.swift */; };
		83E7DE1A1DC7D797000DC701 /* Sincronizar.swift in Sources */ = {isa = PBXBuildFile; fileRef = 83E7DE191DC7D797000DC701 /* Sincronizar.swift */; };
		83E7DE251DC7DE52000DC701 /* PeliculasViewController.swift in Sources */ = {isa = PBXBuildFile; fileRef = 83E7DE241DC7DE52000DC701 /* PeliculasViewController.swift */; };
		83E7DE271DC7DE69000DC701 /* PeliculasTableViewCell.swift in Sources */ = {isa = PBXBuildFile; fileRef = 83E7DE261DC7DE69000DC701 /* PeliculasTableViewCell.swift */; };
		83E7DE291DC7DED8000DC701 /* PeliculasBC.swift in Sources */ = {isa = PBXBuildFile; fileRef = 83E7DE281DC7DED8000DC701 /* PeliculasBC.swift */; };
		83E7DE2D1DC7E02E000DC701 /* HorariosDALC.swift in Sources */ = {isa = PBXBuildFile; fileRef = 83E7DE2C1DC7E02E000DC701 /* HorariosDALC.swift */; };
		83E7DE2F1DC7E03C000DC701 /* SucursalDALC.swift in Sources */ = {isa = PBXBuildFile; fileRef = 83E7DE2E1DC7E03C000DC701 /* SucursalDALC.swift */; };
		83E7DE3A1DC7E0F9000DC701 /* Sucursal+CoreDataClass.swift in Sources */ = {isa = PBXBuildFile; fileRef = 83E7DE321DC7E0F9000DC701 /* Sucursal+CoreDataClass.swift */; };
		83E7DE3B1DC7E0F9000DC701 /* Sucursal+CoreDataProperties.swift in Sources */ = {isa = PBXBuildFile; fileRef = 83E7DE331DC7E0F9000DC701 /* Sucursal+CoreDataProperties.swift */; };
		83E7DE3C1DC7E0F9000DC701 /* Pelicula+CoreDataClass.swift in Sources */ = {isa = PBXBuildFile; fileRef = 83E7DE341DC7E0F9000DC701 /* Pelicula+CoreDataClass.swift */; };
		83E7DE3D1DC7E0F9000DC701 /* Pelicula+CoreDataProperties.swift in Sources */ = {isa = PBXBuildFile; fileRef = 83E7DE351DC7E0F9000DC701 /* Pelicula+CoreDataProperties.swift */; };
		83E7DE3E1DC7E0F9000DC701 /* Horario+CoreDataClass.swift in Sources */ = {isa = PBXBuildFile; fileRef = 83E7DE361DC7E0F9000DC701 /* Horario+CoreDataClass.swift */; };
		83E7DE3F1DC7E0F9000DC701 /* Horario+CoreDataProperties.swift in Sources */ = {isa = PBXBuildFile; fileRef = 83E7DE371DC7E0F9000DC701 /* Horario+CoreDataProperties.swift */; };
		83E7DE471DC7E12E000DC701 /* SucursalBE.swift in Sources */ = {isa = PBXBuildFile; fileRef = 83E7DE461DC7E12E000DC701 /* SucursalBE.swift */; };
		83E7DE491DC7E13C000DC701 /* HorarioBE.swift in Sources */ = {isa = PBXBuildFile; fileRef = 83E7DE481DC7E13C000DC701 /* HorarioBE.swift */; };
		83E7DE4B1DC7E7C7000DC701 /* PeliculaBE.swift in Sources */ = {isa = PBXBuildFile; fileRef = 83E7DE4A1DC7E7C7000DC701 /* PeliculaBE.swift */; };
		83E7DE4D1DC7E832000DC701 /* PeliculaDALC.swift in Sources */ = {isa = PBXBuildFile; fileRef = 83E7DE4C1DC7E832000DC701 /* PeliculaDALC.swift */; };
		83E7DE501DC7EC70000DC701 /* CDMImageDownloaded.swift in Sources */ = {isa = PBXBuildFile; fileRef = 83E7DE4F1DC7EC70000DC701 /* CDMImageDownloaded.swift */; };
		83E7DE531DC7EF1B000DC701 /* ListadoPeliculas.storyboard in Resources */ = {isa = PBXBuildFile; fileRef = 83E7DE521DC7EF1B000DC701 /* ListadoPeliculas.storyboard */; };
		83E7DE581DC7F8D4000DC701 /* CDMWebModel.swift in Sources */ = {isa = PBXBuildFile; fileRef = 83E7DE571DC7F8D4000DC701 /* CDMWebModel.swift */; };
		83E7DE5A1DC7F8EA000DC701 /* CDMWebResponse.swift in Sources */ = {isa = PBXBuildFile; fileRef = 83E7DE591DC7F8EA000DC701 /* CDMWebResponse.swift */; };
		83E7DE5C1DC7F901000DC701 /* CDMWebSender.swift in Sources */ = {isa = PBXBuildFile; fileRef = 83E7DE5B1DC7F901000DC701 /* CDMWebSender.swift */; };
		83E7DE5E1DC7F916000DC701 /* CDMWebTranslator.swift in Sources */ = {isa = PBXBuildFile; fileRef = 83E7DE5D1DC7F916000DC701 /* CDMWebTranslator.swift */; };
/* End PBXBuildFile section */

/* Begin PBXFileReference section */
		83922D9F1DC22AA7001026BA /* PeliculasCJ.app */ = {isa = PBXFileReference; explicitFileType = wrapper.application; includeInIndex = 0; path = PeliculasCJ.app; sourceTree = BUILT_PRODUCTS_DIR; };
		83922DA21DC22AA7001026BA /* AppDelegate.swift */ = {isa = PBXFileReference; lastKnownFileType = sourcecode.swift; path = AppDelegate.swift; sourceTree = "<group>"; };
		83922DAA1DC22AA7001026BA /* PeliculasCJ.xcdatamodel */ = {isa = PBXFileReference; lastKnownFileType = wrapper.xcdatamodel; path = PeliculasCJ.xcdatamodel; sourceTree = "<group>"; };
		83922DAC1DC22AA7001026BA /* Assets.xcassets */ = {isa = PBXFileReference; lastKnownFileType = folder.assetcatalog; path = Assets.xcassets; sourceTree = "<group>"; };
		83922DAF1DC22AA7001026BA /* Base */ = {isa = PBXFileReference; lastKnownFileType = file.storyboard; name = Base; path = Base.lproj/LaunchScreen.storyboard; sourceTree = "<group>"; };
		83922DB11DC22AA7001026BA /* Info.plist */ = {isa = PBXFileReference; lastKnownFileType = text.plist.xml; path = Info.plist; sourceTree = "<group>"; };
		83C249C81DE739E800AE1BA4 /* HorarioTableViewCell.swift */ = {isa = PBXFileReference; fileEncoding = 4; lastKnownFileType = sourcecode.swift; path = HorarioTableViewCell.swift; sourceTree = "<group>"; };
		83C249ED1DE74EBA00AE1BA4 /* HorariosViewController.swift */ = {isa = PBXFileReference; fileEncoding = 4; lastKnownFileType = sourcecode.swift; path = HorariosViewController.swift; sourceTree = "<group>"; };
		83C249EF1DE7519100AE1BA4 /* HorarioBC.swift */ = {isa = PBXFileReference; fileEncoding = 4; lastKnownFileType = sourcecode.swift; path = HorarioBC.swift; sourceTree = "<group>"; };
		83CD615B1DD4CA9300AC0ACF /* PeliculasCollectionViewCell.swift */ = {isa = PBXFileReference; fileEncoding = 4; lastKnownFileType = sourcecode.swift; path = PeliculasCollectionViewCell.swift; sourceTree = "<group>"; };
		83CD615D1DD4CBA100AC0ACF /* PeliculasCollectionViewController.swift */ = {isa = PBXFileReference; fileEncoding = 4; lastKnownFileType = sourcecode.swift; path = PeliculasCollectionViewController.swift; sourceTree = "<group>"; };
		83CD615F1DD4DFC900AC0ACF /* DetallePeliculaViewController.swift */ = {isa = PBXFileReference; fileEncoding = 4; lastKnownFileType = sourcecode.swift; path = DetallePeliculaViewController.swift; sourceTree = "<group>"; };
		83E7DE191DC7D797000DC701 /* Sincronizar.swift */ = {isa = PBXFileReference; fileEncoding = 4; lastKnownFileType = sourcecode.swift; path = Sincronizar.swift; sourceTree = "<group>"; };
		83E7DE241DC7DE52000DC701 /* PeliculasViewController.swift */ = {isa = PBXFileReference; fileEncoding = 4; lastKnownFileType = sourcecode.swift; path = PeliculasViewController.swift; sourceTree = "<group>"; };
		83E7DE261DC7DE69000DC701 /* PeliculasTableViewCell.swift */ = {isa = PBXFileReference; fileEncoding = 4; lastKnownFileType = sourcecode.swift; path = PeliculasTableViewCell.swift; sourceTree = "<group>"; };
		83E7DE281DC7DED8000DC701 /* PeliculasBC.swift */ = {isa = PBXFileReference; fileEncoding = 4; lastKnownFileType = sourcecode.swift; path = PeliculasBC.swift; sourceTree = "<group>"; };
		83E7DE2C1DC7E02E000DC701 /* HorariosDALC.swift */ = {isa = PBXFileReference; fileEncoding = 4; lastKnownFileType = sourcecode.swift; path = HorariosDALC.swift; sourceTree = "<group>"; };
		83E7DE2E1DC7E03C000DC701 /* SucursalDALC.swift */ = {isa = PBXFileReference; fileEncoding = 4; lastKnownFileType = sourcecode.swift; path = SucursalDALC.swift; sourceTree = "<group>"; };
		83E7DE321DC7E0F9000DC701 /* Sucursal+CoreDataClass.swift */ = {isa = PBXFileReference; fileEncoding = 4; lastKnownFileType = sourcecode.swift; path = "Sucursal+CoreDataClass.swift"; sourceTree = "<group>"; };
		83E7DE331DC7E0F9000DC701 /* Sucursal+CoreDataProperties.swift */ = {isa = PBXFileReference; fileEncoding = 4; lastKnownFileType = sourcecode.swift; path = "Sucursal+CoreDataProperties.swift"; sourceTree = "<group>"; };
		83E7DE341DC7E0F9000DC701 /* Pelicula+CoreDataClass.swift */ = {isa = PBXFileReference; fileEncoding = 4; lastKnownFileType = sourcecode.swift; path = "Pelicula+CoreDataClass.swift"; sourceTree = "<group>"; };
		83E7DE351DC7E0F9000DC701 /* Pelicula+CoreDataProperties.swift */ = {isa = PBXFileReference; fileEncoding = 4; lastKnownFileType = sourcecode.swift; path = "Pelicula+CoreDataProperties.swift"; sourceTree = "<group>"; };
		83E7DE361DC7E0F9000DC701 /* Horario+CoreDataClass.swift */ = {isa = PBXFileReference; fileEncoding = 4; lastKnownFileType = sourcecode.swift; path = "Horario+CoreDataClass.swift"; sourceTree = "<group>"; };
		83E7DE371DC7E0F9000DC701 /* Horario+CoreDataProperties.swift */ = {isa = PBXFileReference; fileEncoding = 4; lastKnownFileType = sourcecode.swift; path = "Horario+CoreDataProperties.swift"; sourceTree = "<group>"; };
		83E7DE461DC7E12E000DC701 /* SucursalBE.swift */ = {isa = PBXFileReference; fileEncoding = 4; lastKnownFileType = sourcecode.swift; path = SucursalBE.swift; sourceTree = "<group>"; };
		83E7DE481DC7E13C000DC701 /* HorarioBE.swift */ = {isa = PBXFileReference; fileEncoding = 4; lastKnownFileType = sourcecode.swift; path = HorarioBE.swift; sourceTree = "<group>"; };
		83E7DE4A1DC7E7C7000DC701 /* PeliculaBE.swift */ = {isa = PBXFileReference; fileEncoding = 4; lastKnownFileType = sourcecode.swift; path = PeliculaBE.swift; sourceTree = "<group>"; };
		83E7DE4C1DC7E832000DC701 /* PeliculaDALC.swift */ = {isa = PBXFileReference; fileEncoding = 4; lastKnownFileType = sourcecode.swift; path = PeliculaDALC.swift; sourceTree = "<group>"; };
		83E7DE4F1DC7EC70000DC701 /* CDMImageDownloaded.swift */ = {isa = PBXFileReference; fileEncoding = 4; lastKnownFileType = sourcecode.swift; path = CDMImageDownloaded.swift; sourceTree = "<group>"; };
		83E7DE521DC7EF1B000DC701 /* ListadoPeliculas.storyboard */ = {isa = PBXFileReference; fileEncoding = 4; lastKnownFileType = file.storyboard; path = ListadoPeliculas.storyboard; sourceTree = "<group>"; };
		83E7DE571DC7F8D4000DC701 /* CDMWebModel.swift */ = {isa = PBXFileReference; fileEncoding = 4; lastKnownFileType = sourcecode.swift; path = CDMWebModel.swift; sourceTree = "<group>"; };
		83E7DE591DC7F8EA000DC701 /* CDMWebResponse.swift */ = {isa = PBXFileReference; fileEncoding = 4; lastKnownFileType = sourcecode.swift; path = CDMWebResponse.swift; sourceTree = "<group>"; };
		83E7DE5B1DC7F901000DC701 /* CDMWebSender.swift */ = {isa = PBXFileReference; fileEncoding = 4; lastKnownFileType = sourcecode.swift; path = CDMWebSender.swift; sourceTree = "<group>"; };
		83E7DE5D1DC7F916000DC701 /* CDMWebTranslator.swift */ = {isa = PBXFileReference; fileEncoding = 4; lastKnownFileType = sourcecode.swift; path = CDMWebTranslator.swift; sourceTree = "<group>"; };
/* End PBXFileReference section */

/* Begin PBXFrameworksBuildPhase section */
		83922D9C1DC22AA7001026BA /* Frameworks */ = {
			isa = PBXFrameworksBuildPhase;
			buildActionMask = 2147483647;
			files = (
			);
			runOnlyForDeploymentPostprocessing = 0;
		};
/* End PBXFrameworksBuildPhase section */

/* Begin PBXGroup section */
		83922D961DC22AA7001026BA = {
			isa = PBXGroup;
			children = (
				83922DA11DC22AA7001026BA /* PeliculasCJ */,
				83922DA01DC22AA7001026BA /* Products */,
			);
			sourceTree = "<group>";
		};
		83922DA01DC22AA7001026BA /* Products */ = {
			isa = PBXGroup;
			children = (
				83922D9F1DC22AA7001026BA /* PeliculasCJ.app */,
			);
			name = Products;
			sourceTree = "<group>";
		};
		83922DA11DC22AA7001026BA /* PeliculasCJ */ = {
			isa = PBXGroup;
			children = (
				83922DA21DC22AA7001026BA /* AppDelegate.swift */,
				83E7DE0C1DC7D622000DC701 /* Clases Generales */,
				83E7DE0E1DC7D641000DC701 /* IPhone */,
				83E7DE141DC7D684000DC701 /* BE */,
				83E7DE161DC7D692000DC701 /* DALC */,
				83E7DE541DC7F891000DC701 /* WS */,
				83922DAC1DC22AA7001026BA /* Assets.xcassets */,
				83922DAE1DC22AA7001026BA /* LaunchScreen.storyboard */,
				83922DB11DC22AA7001026BA /* Info.plist */,
				83922DA91DC22AA7001026BA /* PeliculasCJ.xcdatamodeld */,
			);
			path = PeliculasCJ;
			sourceTree = "<group>";
		};
		83E7DE0C1DC7D622000DC701 /* Clases Generales */ = {
			isa = PBXGroup;
			children = (
				83E7DE4E1DC7EC49000DC701 /* CDMImageDownloaded */,
				83E7DE0D1DC7D62D000DC701 /* Sincronizar */,
			);
			path = "Clases Generales";
			sourceTree = "<group>";
		};
		83E7DE0D1DC7D62D000DC701 /* Sincronizar */ = {
			isa = PBXGroup;
			children = (
				83E7DE191DC7D797000DC701 /* Sincronizar.swift */,
			);
			path = Sincronizar;
			sourceTree = "<group>";
		};
		83E7DE0E1DC7D641000DC701 /* IPhone */ = {
			isa = PBXGroup;
			children = (
				83E7DE511DC7EEDB000DC701 /* Vistas */,
				83E7DE0F1DC7D651000DC701 /* Clases */,
			);
			path = IPhone;
			sourceTree = "<group>";
		};
		83E7DE0F1DC7D651000DC701 /* Clases */ = {
			isa = PBXGroup;
			children = (
				83E7DE121DC7D671000DC701 /* Peliculas */,
			);
			path = Clases;
			sourceTree = "<group>";
		};
		83E7DE121DC7D671000DC701 /* Peliculas */ = {
			isa = PBXGroup;
			children = (
				83E7DE1F1DC7DD97000DC701 /* BC */,
				83E7DE241DC7DE52000DC701 /* PeliculasViewController.swift */,
				83E7DE261DC7DE69000DC701 /* PeliculasTableViewCell.swift */,
				83CD615B1DD4CA9300AC0ACF /* PeliculasCollectionViewCell.swift */,
				83CD615D1DD4CBA100AC0ACF /* PeliculasCollectionViewController.swift */,
				83CD615F1DD4DFC900AC0ACF /* DetallePeliculaViewController.swift */,
				83C249C81DE739E800AE1BA4 /* HorarioTableViewCell.swift */,
				83C249ED1DE74EBA00AE1BA4 /* HorariosViewController.swift */,
			);
			path = Peliculas;
			sourceTree = "<group>";
		};
		83E7DE141DC7D684000DC701 /* BE */ = {
			isa = PBXGroup;
			children = (
				83E7DE151DC7D688000DC701 /* DM */,
				83E7DE461DC7E12E000DC701 /* SucursalBE.swift */,
				83E7DE481DC7E13C000DC701 /* HorarioBE.swift */,
				83E7DE4A1DC7E7C7000DC701 /* PeliculaBE.swift */,
			);
			path = BE;
			sourceTree = "<group>";
		};
		83E7DE151DC7D688000DC701 /* DM */ = {
			isa = PBXGroup;
			children = (
				83E7DE321DC7E0F9000DC701 /* Sucursal+CoreDataClass.swift */,
				83E7DE331DC7E0F9000DC701 /* Sucursal+CoreDataProperties.swift */,
				83E7DE341DC7E0F9000DC701 /* Pelicula+CoreDataClass.swift */,
				83E7DE351DC7E0F9000DC701 /* Pelicula+CoreDataProperties.swift */,
				83E7DE361DC7E0F9000DC701 /* Horario+CoreDataClass.swift */,
				83E7DE371DC7E0F9000DC701 /* Horario+CoreDataProperties.swift */,
			);
			path = DM;
			sourceTree = "<group>";
		};
		83E7DE161DC7D692000DC701 /* DALC */ = {
			isa = PBXGroup;
			children = (
				83E7DE2C1DC7E02E000DC701 /* HorariosDALC.swift */,
				83E7DE2E1DC7E03C000DC701 /* SucursalDALC.swift */,
				83E7DE4C1DC7E832000DC701 /* PeliculaDALC.swift */,
			);
			path = DALC;
			sourceTree = "<group>";
		};
		83E7DE1F1DC7DD97000DC701 /* BC */ = {
			isa = PBXGroup;
			children = (
				83E7DE281DC7DED8000DC701 /* PeliculasBC.swift */,
				83C249EF1DE7519100AE1BA4 /* HorarioBC.swift */,
			);
			path = BC;
			sourceTree = "<group>";
		};
		83E7DE4E1DC7EC49000DC701 /* CDMImageDownloaded */ = {
			isa = PBXGroup;
			children = (
				83E7DE4F1DC7EC70000DC701 /* CDMImageDownloaded.swift */,
			);
			path = CDMImageDownloaded;
			sourceTree = "<group>";
		};
		83E7DE511DC7EEDB000DC701 /* Vistas */ = {
			isa = PBXGroup;
			children = (
				83E7DE521DC7EF1B000DC701 /* ListadoPeliculas.storyboard */,
			);
			path = Vistas;
			sourceTree = "<group>";
		};
		83E7DE541DC7F891000DC701 /* WS */ = {
			isa = PBXGroup;
			children = (
				83E7DE571DC7F8D4000DC701 /* CDMWebModel.swift */,
				83E7DE591DC7F8EA000DC701 /* CDMWebResponse.swift */,
				83E7DE5B1DC7F901000DC701 /* CDMWebSender.swift */,
				83E7DE5D1DC7F916000DC701 /* CDMWebTranslator.swift */,
			);
			path = WS;
			sourceTree = "<group>";
		};
/* End PBXGroup section */

/* Begin PBXNativeTarget section */
		83922D9E1DC22AA7001026BA /* PeliculasCJ */ = {
			isa = PBXNativeTarget;
			buildConfigurationList = 83922DB41DC22AA7001026BA /* Build configuration list for PBXNativeTarget "PeliculasCJ" */;
			buildPhases = (
				83922D9B1DC22AA7001026BA /* Sources */,
				83922D9C1DC22AA7001026BA /* Frameworks */,
				83922D9D1DC22AA7001026BA /* Resources */,
			);
			buildRules = (
			);
			dependencies = (
			);
			name = PeliculasCJ;
			productName = PeliculasCJ;
			productReference = 83922D9F1DC22AA7001026BA /* PeliculasCJ.app */;
			productType = "com.apple.product-type.application";
		};
/* End PBXNativeTarget section */

/* Begin PBXProject section */
		83922D971DC22AA7001026BA /* Project object */ = {
			isa = PBXProject;
			attributes = {
				LastSwiftUpdateCheck = 0800;
				LastUpgradeCheck = 0800;
				ORGANIZATIONNAME = "B303-20";
				TargetAttributes = {
					83922D9E1DC22AA7001026BA = {
						CreatedOnToolsVersion = 8.0;
						ProvisioningStyle = Automatic;
					};
				};
			};
			buildConfigurationList = 83922D9A1DC22AA7001026BA /* Build configuration list for PBXProject "PeliculasCJ" */;
			compatibilityVersion = "Xcode 3.2";
			developmentRegion = English;
			hasScannedForEncodings = 0;
			knownRegions = (
				en,
				Base,
			);
			mainGroup = 83922D961DC22AA7001026BA;
			productRefGroup = 83922DA01DC22AA7001026BA /* Products */;
			projectDirPath = "";
			projectRoot = "";
			targets = (
				83922D9E1DC22AA7001026BA /* PeliculasCJ */,
			);
		};
/* End PBXProject section */

/* Begin PBXResourcesBuildPhase section */
		83922D9D1DC22AA7001026BA /* Resources */ = {
			isa = PBXResourcesBuildPhase;
			buildActionMask = 2147483647;
			files = (
				83922DB01DC22AA7001026BA /* LaunchScreen.storyboard in Resources */,
				83922DAD1DC22AA7001026BA /* Assets.xcassets in Resources */,
				83E7DE531DC7EF1B000DC701 /* ListadoPeliculas.storyboard in Resources */,
			);
			runOnlyForDeploymentPostprocessing = 0;
		};
/* End PBXResourcesBuildPhase section */

/* Begin PBXSourcesBuildPhase section */
		83922D9B1DC22AA7001026BA /* Sources */ = {
			isa = PBXSourcesBuildPhase;
			buildActionMask = 2147483647;
			files = (
				83E7DE2D1DC7E02E000DC701 /* HorariosDALC.swift in Sources */,
				83922DAB1DC22AA7001026BA /* PeliculasCJ.xcdatamodeld in Sources */,
				83E7DE3A1DC7E0F9000DC701 /* Sucursal+CoreDataClass.swift in Sources */,
				83C249C91DE739E800AE1BA4 /* HorarioTableViewCell.swift in Sources */,
				83CD61601DD4DFC900AC0ACF /* DetallePeliculaViewController.swift in Sources */,
				83E7DE491DC7E13C000DC701 /* HorarioBE.swift in Sources */,
				83E7DE4B1DC7E7C7000DC701 /* PeliculaBE.swift in Sources */,
				83E7DE5A1DC7F8EA000DC701 /* CDMWebResponse.swift in Sources */,
				83E7DE251DC7DE52000DC701 /* PeliculasViewController.swift in Sources */,
				83E7DE3F1DC7E0F9000DC701 /* Horario+CoreDataProperties.swift in Sources */,
				83E7DE5E1DC7F916000DC701 /* CDMWebTranslator.swift in Sources */,
				83E7DE3D1DC7E0F9000DC701 /* Pelicula+CoreDataProperties.swift in Sources */,
				83E7DE471DC7E12E000DC701 /* SucursalBE.swift in Sources */,
				83CD615E1DD4CBA100AC0ACF /* PeliculasCollectionViewController.swift in Sources */,
				83922DA31DC22AA7001026BA /* AppDelegate.swift in Sources */,
				83E7DE501DC7EC70000DC701 /* CDMImageDownloaded.swift in Sources */,
				83E7DE5C1DC7F901000DC701 /* CDMWebSender.swift in Sources */,
				83E7DE4D1DC7E832000DC701 /* PeliculaDALC.swift in Sources */,
				83E7DE3C1DC7E0F9000DC701 /* Pelicula+CoreDataClass.swift in Sources */,
				83C249F01DE7519100AE1BA4 /* HorarioBC.swift in Sources */,
				83E7DE581DC7F8D4000DC701 /* CDMWebModel.swift in Sources */,
				83E7DE3B1DC7E0F9000DC701 /* Sucursal+CoreDataProperties.swift in Sources */,
				83E7DE1A1DC7D797000DC701 /* Sincronizar.swift in Sources */,
				83E7DE271DC7DE69000DC701 /* PeliculasTableViewCell.swift in Sources */,
				83CD615C1DD4CA9300AC0ACF /* PeliculasCollectionViewCell.swift in Sources */,
				83E7DE2F1DC7E03C000DC701 /* SucursalDALC.swift in Sources */,
				83E7DE3E1DC7E0F9000DC701 /* Horario+CoreDataClass.swift in Sources */,
				83C249EE1DE74EBA00AE1BA4 /* HorariosViewController.swift in Sources */,
				83E7DE291DC7DED8000DC701 /* PeliculasBC.swift in Sources */,
			);
			runOnlyForDeploymentPostprocessing = 0;
		};
/* End PBXSourcesBuildPhase section */

/* Begin PBXVariantGroup section */
		83922DAE1DC22AA7001026BA /* LaunchScreen.storyboard */ = {
			isa = PBXVariantGroup;
			children = (
				83922DAF1DC22AA7001026BA /* Base */,
			);
			name = LaunchScreen.storyboard;
			sourceTree = "<group>";
		};
/* End PBXVariantGroup section */

/* Begin XCBuildConfiguration section */
		83922DB21DC22AA7001026BA /* Debug */ = {
			isa = XCBuildConfiguration;
			buildSettings = {
				ALWAYS_SEARCH_USER_PATHS = NO;
				CLANG_ANALYZER_NONNULL = YES;
				CLANG_CXX_LANGUAGE_STANDARD = "gnu++0x";
				CLANG_CXX_LIBRARY = "libc++";
				CLANG_ENABLE_MODULES = YES;
				CLANG_ENABLE_OBJC_ARC = YES;
				CLANG_WARN_BOOL_CONVERSION = YES;
				CLANG_WARN_CONSTANT_CONVERSION = YES;
				CLANG_WARN_DIRECT_OBJC_ISA_USAGE = YES_ERROR;
				CLANG_WARN_DOCUMENTATION_COMMENTS = YES;
				CLANG_WARN_EMPTY_BODY = YES;
				CLANG_WARN_ENUM_CONVERSION = YES;
				CLANG_WARN_INFINITE_RECURSION = YES;
				CLANG_WARN_INT_CONVERSION = YES;
				CLANG_WARN_OBJC_ROOT_CLASS = YES_ERROR;
				CLANG_WARN_SUSPICIOUS_MOVES = YES;
				CLANG_WARN_UNREACHABLE_CODE = YES;
				CLANG_WARN__DUPLICATE_METHOD_MATCH = YES;
				"CODE_SIGN_IDENTITY[sdk=iphoneos*]" = "iPhone Developer";
				COPY_PHASE_STRIP = NO;
				DEBUG_INFORMATION_FORMAT = dwarf;
				ENABLE_STRICT_OBJC_MSGSEND = YES;
				ENABLE_TESTABILITY = YES;
				GCC_C_LANGUAGE_STANDARD = gnu99;
				GCC_DYNAMIC_NO_PIC = NO;
				GCC_NO_COMMON_BLOCKS = YES;
				GCC_OPTIMIZATION_LEVEL = 0;
				GCC_PREPROCESSOR_DEFINITIONS = (
					"DEBUG=1",
					"$(inherited)",
				);
				GCC_WARN_64_TO_32_BIT_CONVERSION = YES;
				GCC_WARN_ABOUT_RETURN_TYPE = YES_ERROR;
				GCC_WARN_UNDECLARED_SELECTOR = YES;
				GCC_WARN_UNINITIALIZED_AUTOS = YES_AGGRESSIVE;
				GCC_WARN_UNUSED_FUNCTION = YES;
				GCC_WARN_UNUSED_VARIABLE = YES;
				IPHONEOS_DEPLOYMENT_TARGET = 10.0;
				MTL_ENABLE_DEBUG_INFO = YES;
				ONLY_ACTIVE_ARCH = YES;
				SDKROOT = iphoneos;
				SWIFT_ACTIVE_COMPILATION_CONDITIONS = DEBUG;
				SWIFT_OPTIMIZATION_LEVEL = "-Onone";
			};
			name = Debug;
		};
		83922DB31DC22AA7001026BA /* Release */ = {
			isa = XCBuildConfiguration;
			buildSettings = {
				ALWAYS_SEARCH_USER_PATHS = NO;
				CLANG_ANALYZER_NONNULL = YES;
				CLANG_CXX_LANGUAGE_STANDARD = "gnu++0x";
				CLANG_CXX_LIBRARY = "libc++";
				CLANG_ENABLE_MODULES = YES;
				CLANG_ENABLE_OBJC_ARC = YES;
				CLANG_WARN_BOOL_CONVERSION = YES;
				CLANG_WARN_CONSTANT_CONVERSION = YES;
				CLANG_WARN_DIRECT_OBJC_ISA_USAGE = YES_ERROR;
				CLANG_WARN_DOCUMENTATION_COMMENTS = YES;
				CLANG_WARN_EMPTY_BODY = YES;
				CLANG_WARN_ENUM_CONVERSION = YES;
				CLANG_WARN_INFINITE_RECURSION = YES;
				CLANG_WARN_INT_CONVERSION = YES;
				CLANG_WARN_OBJC_ROOT_CLASS = YES_ERROR;
				CLANG_WARN_SUSPICIOUS_MOVES = YES;
				CLANG_WARN_UNREACHABLE_CODE = YES;
				CLANG_WARN__DUPLICATE_METHOD_MATCH = YES;
				"CODE_SIGN_IDENTITY[sdk=iphoneos*]" = "iPhone Developer";
				COPY_PHASE_STRIP = NO;
				DEBUG_INFORMATION_FORMAT = "dwarf-with-dsym";
				ENABLE_NS_ASSERTIONS = NO;
				ENABLE_STRICT_OBJC_MSGSEND = YES;
				GCC_C_LANGUAGE_STANDARD = gnu99;
				GCC_NO_COMMON_BLOCKS = YES;
				GCC_WARN_64_TO_32_BIT_CONVERSION = YES;
				GCC_WARN_ABOUT_RETURN_TYPE = YES_ERROR;
				GCC_WARN_UNDECLARED_SELECTOR = YES;
				GCC_WARN_UNINITIALIZED_AUTOS = YES_AGGRESSIVE;
				GCC_WARN_UNUSED_FUNCTION = YES;
				GCC_WARN_UNUSED_VARIABLE = YES;
				IPHONEOS_DEPLOYMENT_TARGET = 10.0;
				MTL_ENABLE_DEBUG_INFO = NO;
				SDKROOT = iphoneos;
				SWIFT_OPTIMIZATION_LEVEL = "-Owholemodule";
				VALIDATE_PRODUCT = YES;
			};
			name = Release;
		};
		83922DB51DC22AA7001026BA /* Debug */ = {
			isa = XCBuildConfiguration;
			buildSettings = {
				ASSETCATALOG_COMPILER_APPICON_NAME = AppIcon;
				INFOPLIST_FILE = PeliculasCJ/Info.plist;
				LD_RUNPATH_SEARCH_PATHS = "$(inherited) @executable_path/Frameworks";
				PRODUCT_BUNDLE_IDENTIFIER = com.isil.PeliculasCJ;
				PRODUCT_NAME = "$(TARGET_NAME)";
				SWIFT_VERSION = 3.0;
			};
			name = Debug;
		};
		83922DB61DC22AA7001026BA /* Release */ = {
			isa = XCBuildConfiguration;
			buildSettings = {
				ASSETCATALOG_COMPILER_APPICON_NAME = AppIcon;
				INFOPLIST_FILE = PeliculasCJ/Info.plist;
				LD_RUNPATH_SEARCH_PATHS = "$(inherited) @executable_path/Frameworks";
				PRODUCT_BUNDLE_IDENTIFIER = com.isil.PeliculasCJ;
				PRODUCT_NAME = "$(TARGET_NAME)";
				SWIFT_VERSION = 3.0;
			};
			name = Release;
		};
/* End XCBuildConfiguration section */

/* Begin XCConfigurationList section */
		83922D9A1DC22AA7001026BA /* Build configuration list for PBXProject "PeliculasCJ" */ = {
			isa = XCConfigurationList;
			buildConfigurations = (
				83922DB21DC22AA7001026BA /* Debug */,
				83922DB31DC22AA7001026BA /* Release */,
			);
			defaultConfigurationIsVisible = 0;
			defaultConfigurationName = Release;
		};
		83922DB41DC22AA7001026BA /* Build configuration list for PBXNativeTarget "PeliculasCJ" */ = {
			isa = XCConfigurationList;
			buildConfigurations = (
				83922DB51DC22AA7001026BA /* Debug */,
				83922DB61DC22AA7001026BA /* Release */,
			);
			defaultConfigurationIsVisible = 0;
			defaultConfigurationName = Release;
		};
/* End XCConfigurationList section */

/* Begin XCVersionGroup section */
		83922DA91DC22AA7001026BA /* PeliculasCJ.xcdatamodeld */ = {
			isa = XCVersionGroup;
			children = (
				83922DAA1DC22AA7001026BA /* PeliculasCJ.xcdatamodel */,
			);
			currentVersion = 83922DAA1DC22AA7001026BA /* PeliculasCJ.xcdatamodel */;
			path = PeliculasCJ.xcdatamodeld;
			sourceTree = "<group>";
			versionGroupType = wrapper.xcdatamodel;
		};
/* End XCVersionGroup section */
	};
	rootObject = 83922D971DC22AA7001026BA /* Project object */;
}
